PODS:
  - 1PasswordExtension (1.8.5)
  - Alamofire (4.8.2)
  - Analytics (3.6.10)
  - CocoaLumberjack (2.4.0):
    - CocoaLumberjack/Default (= 2.4.0)
    - CocoaLumberjack/Extensions (= 2.4.0)
  - CocoaLumberjack/Core (2.4.0)
  - CocoaLumberjack/Default (2.4.0):
    - CocoaLumberjack/Core
  - CocoaLumberjack/Extensions (2.4.0):
    - CocoaLumberjack/Default
  - CRToast (0.0.7)
  - DeltaCalculator (1.0.4)
  - ElloCerts (3.0.0):
    - Alamofire (~> 4.0)
  - ElloUIFonts (3.0.2)
  - FBSnapshotTestCase (2.1.4):
    - FBSnapshotTestCase/SwiftSupport (= 2.1.4)
  - FBSnapshotTestCase/Core (2.1.4)
  - FBSnapshotTestCase/SwiftSupport (2.1.4):
    - FBSnapshotTestCase/Core
  - FLAnimatedImage (1.0.12)
  - ImagePickerSheetController (0.9.3)
  - iOSSnapshotTestCase (6.0.3):
    - iOSSnapshotTestCase/SwiftSupport (= 6.0.3)
  - iOSSnapshotTestCase/Core (6.0.3)
  - iOSSnapshotTestCase/SwiftSupport (6.0.3):
    - iOSSnapshotTestCase/Core
  - JWTDecode (2.2.0)
  - KeychainAccess (3.2.0)
  - Keys (1.0.0)
  - KINWebBrowser (1.1.0)
  - Moya (13.0.0):
    - Moya/Core (= 13.0.0)
  - Moya/Core (13.0.0):
    - Alamofire (~> 4.1)
    - Result (~> 4.1)
  - Nimble (8.0.1)
  - Nimble-Snapshots (7.0.0):
    - Nimble-Snapshots/Core (= 7.0.0)
  - Nimble-Snapshots/Core (7.0.0):
    - iOSSnapshotTestCase (~> 6.0)
    - Nimble (~> 8.0)
  - PINCache (3.0.1-beta.7):
    - PINCache/Arc-exception-safe (= 3.0.1-beta.7)
    - PINCache/Core (= 3.0.1-beta.7)
  - PINCache/Arc-exception-safe (3.0.1-beta.7):
    - PINCache/Core
  - PINCache/Core (3.0.1-beta.7):
    - PINOperation (~> 1.1.1)
  - PINOperation (1.1.1)
  - PINRemoteImage (3.0.0-beta.14):
    - PINRemoteImage/PINCache (= 3.0.0-beta.14)
  - PINRemoteImage/Core (3.0.0-beta.14):
    - PINOperation
  - PINRemoteImage/PINCache (3.0.0-beta.14):
    - PINCache (= 3.0.1-beta.7)
    - PINRemoteImage/Core
  - PromiseKit/CorePromise (6.8.4)
  - Quantcast-Measure (1.6.0):
    - Quantcast-Measure/Core (= 1.6.0)
  - Quantcast-Measure/Core (1.6.0)
  - Quick (2.1.0)
  - Result (4.1.0)
  - SnapKit (5.0.0)
  - SSPullToRefresh (1.3.0)
  - SVGKit (2.0.1):
    - CocoaLumberjack (~> 2.x)
  - SwiftyJSON (5.0.0)
  - SwiftyUserDefaults (3.0.1)
  - TimeAgoInWords (3.0.0)
  - WebLinking (2.0.1)
  - YapDatabase (3.1.2):
    - YapDatabase/Standard (= 3.1.2)
  - YapDatabase/Standard (3.1.2):
    - YapDatabase/Standard/Core (= 3.1.2)
    - YapDatabase/Standard/Extensions (= 3.1.2)
  - YapDatabase/Standard/Core (3.1.2):
    - CocoaLumberjack
  - YapDatabase/Standard/Extensions (3.1.2):
    - YapDatabase/Standard/Core
    - YapDatabase/Standard/Extensions/ActionManager (= 3.1.2)
    - YapDatabase/Standard/Extensions/AutoView (= 3.1.2)
    - YapDatabase/Standard/Extensions/CloudCore (= 3.1.2)
    - YapDatabase/Standard/Extensions/CloudKit (= 3.1.2)
    - YapDatabase/Standard/Extensions/ConnectionPool (= 3.1.2)
    - YapDatabase/Standard/Extensions/ConnectionProxy (= 3.1.2)
    - YapDatabase/Standard/Extensions/CrossProcessNotification (= 3.1.2)
    - YapDatabase/Standard/Extensions/FilteredView (= 3.1.2)
    - YapDatabase/Standard/Extensions/FullTextSearch (= 3.1.2)
    - YapDatabase/Standard/Extensions/Hooks (= 3.1.2)
    - YapDatabase/Standard/Extensions/ManualView (= 3.1.2)
    - YapDatabase/Standard/Extensions/Relationships (= 3.1.2)
    - YapDatabase/Standard/Extensions/RTreeIndex (= 3.1.2)
    - YapDatabase/Standard/Extensions/SearchResultsView (= 3.1.2)
    - YapDatabase/Standard/Extensions/SecondaryIndex (= 3.1.2)
    - YapDatabase/Standard/Extensions/View (= 3.1.2)
  - YapDatabase/Standard/Extensions/ActionManager (3.1.2):
    - YapDatabase/Standard/Core
    - YapDatabase/Standard/Extensions/AutoView
  - YapDatabase/Standard/Extensions/AutoView (3.1.2):
    - YapDatabase/Standard/Core
    - YapDatabase/Standard/Extensions/View
  - YapDatabase/Standard/Extensions/CloudCore (3.1.2):
    - YapDatabase/Standard/Core
  - YapDatabase/Standard/Extensions/CloudKit (3.1.2):
    - YapDatabase/Standard/Core
  - YapDatabase/Standard/Extensions/ConnectionPool (3.1.2):
    - YapDatabase/Standard/Core
  - YapDatabase/Standard/Extensions/ConnectionProxy (3.1.2):
    - YapDatabase/Standard/Core
  - YapDatabase/Standard/Extensions/CrossProcessNotification (3.1.2):
    - YapDatabase/Standard/Core
  - YapDatabase/Standard/Extensions/FilteredView (3.1.2):
    - YapDatabase/Standard/Core
    - YapDatabase/Standard/Extensions/View
  - YapDatabase/Standard/Extensions/FullTextSearch (3.1.2):
    - YapDatabase/Standard/Core
  - YapDatabase/Standard/Extensions/Hooks (3.1.2):
    - YapDatabase/Standard/Core
  - YapDatabase/Standard/Extensions/ManualView (3.1.2):
    - YapDatabase/Standard/Core
    - YapDatabase/Standard/Extensions/View
  - YapDatabase/Standard/Extensions/Relationships (3.1.2):
    - YapDatabase/Standard/Core
  - YapDatabase/Standard/Extensions/RTreeIndex (3.1.2):
    - YapDatabase/Standard/Core
  - YapDatabase/Standard/Extensions/SearchResultsView (3.1.2):
    - YapDatabase/Standard/Core
    - YapDatabase/Standard/Extensions/AutoView
    - YapDatabase/Standard/Extensions/FullTextSearch
  - YapDatabase/Standard/Extensions/SecondaryIndex (3.1.2):
    - YapDatabase/Standard/Core
  - YapDatabase/Standard/Extensions/View (3.1.2):
    - YapDatabase/Standard/Core

DEPENDENCIES:
  - 1PasswordExtension (~> 1.8.5)
  - Alamofire
  - Analytics
  - CRToast (from `https://github.com/ello/CRToast`)
  - DeltaCalculator (from `https://github.com/ello/DeltaCalculator`)
  - "ElloCerts (from `git@github.com:ello/Ello-iOS-Certs`)"
  - "ElloUIFonts (from `git@github.com:ello/ElloUIFonts`)"
  - FBSnapshotTestCase
  - FLAnimatedImage
  - ImagePickerSheetController (from `https://github.com/ello/ImagePickerSheetController`, branch `swift4.2`)
  - JWTDecode
  - KeychainAccess
  - Keys (from `Pods/CocoaPodsKeys`)
  - KINWebBrowser (from `https://github.com/ello/KINWebBrowser`)
  - Moya
  - Nimble
  - Nimble-Snapshots
  - PINCache (from `https://github.com/ello/PINCache`, branch `period-encoding`)
  - PINRemoteImage (= 3.0.0-beta.14)
  - PromiseKit/CorePromise
  - Quantcast-Measure
  - Quick
  - SnapKit
  - SSPullToRefresh (~> 1)
  - SVGKit (from `https://github.com/ello/SVGKit`)
  - SwiftyJSON
  - SwiftyUserDefaults
  - TimeAgoInWords (from `https://github.com/ello/TimeAgoInWords`)
  - WebLinking (from `https://github.com/pingwinator/WebLinking.swift`)
  - YapDatabase

SPEC REPOS:
  https://github.com/cocoapods/specs.git:
    - 1PasswordExtension
    - Alamofire
    - Analytics
    - CocoaLumberjack
    - FBSnapshotTestCase
    - FLAnimatedImage
    - iOSSnapshotTestCase
    - JWTDecode
    - KeychainAccess
    - Moya
    - Nimble
    - Nimble-Snapshots
    - PINOperation
    - PINRemoteImage
    - PromiseKit
    - Quantcast-Measure
    - Quick
    - Result
    - SnapKit
    - SSPullToRefresh
    - SwiftyJSON
    - SwiftyUserDefaults
    - YapDatabase

EXTERNAL SOURCES:
  CRToast:
    :git: https://github.com/ello/CRToast
  DeltaCalculator:
    :git: https://github.com/ello/DeltaCalculator
  ElloCerts:
    :git: "git@github.com:ello/Ello-iOS-Certs"
  ElloUIFonts:
    :git: "git@github.com:ello/ElloUIFonts"
  ImagePickerSheetController:
    :branch: swift4.2
    :git: https://github.com/ello/ImagePickerSheetController
  Keys:
    :path: Pods/CocoaPodsKeys
  KINWebBrowser:
    :git: https://github.com/ello/KINWebBrowser
  PINCache:
    :branch: period-encoding
    :git: https://github.com/ello/PINCache
  SVGKit:
    :git: https://github.com/ello/SVGKit
  TimeAgoInWords:
    :git: https://github.com/ello/TimeAgoInWords
  WebLinking:
    :git: https://github.com/pingwinator/WebLinking.swift

CHECKOUT OPTIONS:
  CRToast:
    :commit: c84bf5ff9ee16b99e45f3bf25bb5db9c386fa728
    :git: https://github.com/ello/CRToast
  DeltaCalculator:
    :commit: 4e805f70c5d7601630cfd689e32c900cd52cdc30
    :git: https://github.com/ello/DeltaCalculator
  ElloCerts:
    :commit: 26b6b863d9529ee2d8db4e8de26affe44e0f7c67
    :git: "git@github.com:ello/Ello-iOS-Certs"
  ElloUIFonts:
    :commit: 53679d8db9104b6e4fc6a112f7ec0e68461a07d9
    :git: "git@github.com:ello/ElloUIFonts"
  ImagePickerSheetController:
    :commit: 2cf152009dbca1384b557ebce6907ee88bb391b1
    :git: https://github.com/ello/ImagePickerSheetController
  KINWebBrowser:
    :commit: bcf29fd0beb6afb1c28a236306ad0fa1b8677bf3
    :git: https://github.com/ello/KINWebBrowser
  PINCache:
    :commit: 95e894c5ce8ee45acab06481ec5946802f405df0
    :git: https://github.com/ello/PINCache
  SVGKit:
    :commit: 6160bbdfd0a8924b5e57b13c462db6a0944c8966
    :git: https://github.com/ello/SVGKit
  TimeAgoInWords:
    :commit: d1e1dc78028612f8c65d6a967c8fab3ffec516c1
    :git: https://github.com/ello/TimeAgoInWords
  WebLinking:
    :commit: 95dabb94a56cc7088fb8f0361feaa703dc75052a
    :git: https://github.com/pingwinator/WebLinking.swift

SPEC CHECKSUMS:
  1PasswordExtension: 0e95bdea64ec8ff2f4f693be5467a09fac42a83d
  Alamofire: ae5c501addb7afdbb13687d7f2f722c78734c2d3
  Analytics: 63744ad4afa65c3bcdcdb7a94b62515bde5b3900
  CocoaLumberjack: aa9dcab71bdf9eaf2a63bbd9ddc87863efe45457
  CRToast: eb22641501990233c53cb8f83f7d2ea87e0ddf73
  DeltaCalculator: 97ea120ac2ebcf55e472d7ba872c8bc79c138454
  ElloCerts: 7c27117e2281761c81acf31b81a44a38869220c2
  ElloUIFonts: 9ec2357942e3e3020a257ded2abf4e92e37b9286
  FBSnapshotTestCase: 094f9f314decbabe373b87cc339bea235a63e07a
  FLAnimatedImage: 4a0b56255d9b05f18b6dd7ee06871be5d3b89e31
  ImagePickerSheetController: 4789b06940e299431455c61be77fda440883c36c
  iOSSnapshotTestCase: 944a73f6d9676302811a86c0cf35f0e6ef5ab2a0
  JWTDecode: 85a405ab16d5473e99bd89ded1d535090ebd6a0e
  KeychainAccess: 3b1bf8a77eb4c6ea1ce9404c292e48f948954c6b
  Keys: af65e23feef2a047b3277b1ef0399f1209ef9d46
  KINWebBrowser: dad85d7d93e6f4620a8589b96992394affffa66e
  Moya: 161263550064ff8a4948e8ff63137fd72a876292
  Nimble: 45f786ae66faa9a709624227fae502db55a8bdd0
  Nimble-Snapshots: 2d6d712ceb2d1850d88f850fbd7c732618106022
  PINCache: 7cb9ae068c8f655717f7c644ef1dff9fd573e979
  PINOperation: a6219e6fc9db9c269eb7a7b871ac193bcf400aac
  PINRemoteImage: 81bbff853acc71c6de9e106e9e489a791b8bbb08
  PromiseKit: 51794a832647e7b819336dc2279039ce9f1cc49b
  Quantcast-Measure: aa4a19650bb073791d8cbee8571615633884832e
  Quick: 4be43f6634acfa727dd106bdf3929ce125ffa79d
  Result: bd966fac789cc6c1563440b348ab2598cc24d5c7
  SnapKit: fd22d10eb9aff484d79a8724eab922c1ddf89bcf
  SSPullToRefresh: 3a47e116692b60e7da5a8c60418488133bcc9550
  SVGKit: 2afbeaf2c2be4615476951284750c3ddb790d0c7
  SwiftyJSON: 36413e04c44ee145039d332b4f4e2d3e8d6c4db7
  SwiftyUserDefaults: 3d273b1739b68ada3145dc754a70ec775bc5c8be
  TimeAgoInWords: 85c5f962523d61f7ca34d3b83c70afb28cd257e2
  WebLinking: b7507e9ccf2b0177dcc53cbdbaed787676fde745
  YapDatabase: d8cd02058e36bc0902e405d8f3326eb8d7dbf36c

PODFILE CHECKSUM: 9176b369dc3a4b7de002e577490a1d01ba3a0ba3

COCOAPODS: 1.5.3
